// !$*UTF8*$!
{
	archiveVersion = 1;
	classes = {
	};
	objectVersion = 46;
	objects = {

/* Begin PBXBuildFile section */
		76372BBF1D48529500F99E9C /* AppDelegate.swift in Sources */ = {isa = PBXBuildFile; fileRef = 76372BBE1D48529500F99E9C /* AppDelegate.swift */; };
		76372BC11D48529500F99E9C /* ViewController.swift in Sources */ = {isa = PBXBuildFile; fileRef = 76372BC01D48529500F99E9C /* ViewController.swift */; };
		76372BC41D48529500F99E9C /* Main.storyboard in Resources */ = {isa = PBXBuildFile; fileRef = 76372BC21D48529500F99E9C /* Main.storyboard */; };
		76372BC61D48529500F99E9C /* Assets.xcassets in Resources */ = {isa = PBXBuildFile; fileRef = 76372BC51D48529500F99E9C /* Assets.xcassets */; };
		76372BC91D48529500F99E9C /* LaunchScreen.storyboard in Resources */ = {isa = PBXBuildFile; fileRef = 76372BC71D48529500F99E9C /* LaunchScreen.storyboard */; };
		76372BD41D48529500F99E9C /* DJGithub_StudyTests.swift in Sources */ = {isa = PBXBuildFile; fileRef = 76372BD31D48529500F99E9C /* DJGithub_StudyTests.swift */; };
		76372BDF1D48529500F99E9C /* DJGithub_StudyUITests.swift in Sources */ = {isa = PBXBuildFile; fileRef = 76372BDE1D48529500F99E9C /* DJGithub_StudyUITests.swift */; };
/* End PBXBuildFile section */

/* Begin PBXContainerItemProxy section */
		76372BD01D48529500F99E9C /* PBXContainerItemProxy */ = {
			isa = PBXContainerItemProxy;
			containerPortal = 76372BB31D48529400F99E9C /* Project object */;
			proxyType = 1;
			remoteGlobalIDString = 76372BBA1D48529400F99E9C;
			remoteInfo = "DJGithub-Study";
		};
		76372BDB1D48529500F99E9C /* PBXContainerItemProxy */ = {
			isa = PBXContainerItemProxy;
			containerPortal = 76372BB31D48529400F99E9C /* Project object */;
			proxyType = 1;
			remoteGlobalIDString = 76372BBA1D48529400F99E9C;
			remoteInfo = "DJGithub-Study";
		};
/* End PBXContainerItemProxy section */

/* Begin PBXFileReference section */
		76372BBB1D48529400F99E9C /* DJGithub-Study.app */ = {isa = PBXFileReference; explicitFileType = wrapper.application; includeInIndex = 0; path = "DJGithub-Study.app"; sourceTree = BUILT_PRODUCTS_DIR; };
		76372BBE1D48529500F99E9C /* AppDelegate.swift */ = {isa = PBXFileReference; lastKnownFileType = sourcecode.swift; path = AppDelegate.swift; sourceTree = "<group>"; };
		76372BC01D48529500F99E9C /* ViewController.swift */ = {isa = PBXFileReference; lastKnownFileType = sourcecode.swift; path = ViewController.swift; sourceTree = "<group>"; };
		76372BC31D48529500F99E9C /* Base */ = {isa = PBXFileReference; lastKnownFileType = file.storyboard; name = Base; path = Base.lproj/Main.storyboard; sourceTree = "<group>"; };
		76372BC51D48529500F99E9C /* Assets.xcassets */ = {isa = PBXFileReference; lastKnownFileType = folder.assetcatalog; path = Assets.xcassets; sourceTree = "<group>"; };
		76372BC81D48529500F99E9C /* Base */ = {isa = PBXFileReference; lastKnownFileType = file.storyboard; name = Base; path = Base.lproj/LaunchScreen.storyboard; sourceTree = "<group>"; };
		76372BCA1D48529500F99E9C /* Info.plist */ = {isa = PBXFileReference; lastKnownFileType = text.plist.xml; path = Info.plist; sourceTree = "<group>"; };
		76372BCF1D48529500F99E9C /* DJGithub-StudyTests.xctest */ = {isa = PBXFileReference; explicitFileType = wrapper.cfbundle; includeInIndex = 0; path = "DJGithub-StudyTests.xctest"; sourceTree = BUILT_PRODUCTS_DIR; };
		76372BD31D48529500F99E9C /* DJGithub_StudyTests.swift */ = {isa = PBXFileReference; lastKnownFileType = sourcecode.swift; path = DJGithub_StudyTests.swift; sourceTree = "<group>"; };
		76372BD51D48529500F99E9C /* Info.plist */ = {isa = PBXFileReference; lastKnownFileType = text.plist.xml; path = Info.plist; sourceTree = "<group>"; };
		76372BDA1D48529500F99E9C /* DJGithub-StudyUITests.xctest */ = {isa = PBXFileReference; explicitFileType = wrapper.cfbundle; includeInIndex = 0; path = "DJGithub-StudyUITests.xctest"; sourceTree = BUILT_PRODUCTS_DIR; };
		76372BDE1D48529500F99E9C /* DJGithub_StudyUITests.swift */ = {isa = PBXFileReference; lastKnownFileType = sourcecode.swift; path = DJGithub_StudyUITests.swift; sourceTree = "<group>"; };
		76372BE01D48529500F99E9C /* Info.plist */ = {isa = PBXFileReference; lastKnownFileType = text.plist.xml; path = Info.plist; sourceTree = "<group>"; };
/* End PBXFileReference section */

/* Begin PBXFrameworksBuildPhase section */
		76372BB81D48529400F99E9C /* Frameworks */ = {
			isa = PBXFrameworksBuildPhase;
			buildActionMask = 2147483647;
			files = (
			);
			runOnlyForDeploymentPostprocessing = 0;
		};
		76372BCC1D48529500F99E9C /* Frameworks */ = {
			isa = PBXFrameworksBuildPhase;
			buildActionMask = 2147483647;
			files = (
			);
			runOnlyForDeploymentPostprocessing = 0;
		};
		76372BD71D48529500F99E9C /* Frameworks */ = {
			isa = PBXFrameworksBuildPhase;
			buildActionMask = 2147483647;
			files = (
			);
			runOnlyForDeploymentPostprocessing = 0;
		};
/* End PBXFrameworksBuildPhase section */

/* Begin PBXGroup section */
		76372BB21D48529400F99E9C = {
			isa = PBXGroup;
			children = (
				76372BBD1D48529500F99E9C /* DJGithub-Study */,
				76372BD21D48529500F99E9C /* DJGithub-StudyTests */,
				76372BDD1D48529500F99E9C /* DJGithub-StudyUITests */,
				76372BBC1D48529400F99E9C /* Products */,
			);
			sourceTree = "<group>";
		};
		76372BBC1D48529400F99E9C /* Products */ = {
			isa = PBXGroup;
			children = (
				76372BBB1D48529400F99E9C /* DJGithub-Study.app */,
				76372BCF1D48529500F99E9C /* DJGithub-StudyTests.xctest */,
				76372BDA1D48529500F99E9C /* DJGithub-StudyUITests.xctest */,
			);
			name = Products;
			sourceTree = "<group>";
		};
		76372BBD1D48529500F99E9C /* DJGithub-Study */ = {
			isa = PBXGroup;
			children = (
				76372BBE1D48529500F99E9C /* AppDelegate.swift */,
				76372BC01D48529500F99E9C /* ViewController.swift */,
				76372BC21D48529500F99E9C /* Main.storyboard */,
				76372BC51D48529500F99E9C /* Assets.xcassets */,
				76372BC71D48529500F99E9C /* LaunchScreen.storyboard */,
				76372BCA1D48529500F99E9C /* Info.plist */,
			);
			path = "DJGithub-Study";
			sourceTree = "<group>";
		};
		76372BD21D48529500F99E9C /* DJGithub-StudyTests */ = {
			isa = PBXGroup;
			children = (
				76372BD31D48529500F99E9C /* DJGithub_StudyTests.swift */,
				76372BD51D48529500F99E9C /* Info.plist */,
			);
			path = "DJGithub-StudyTests";
			sourceTree = "<group>";
		};
		76372BDD1D48529500F99E9C /* DJGithub-StudyUITests */ = {
			isa = PBXGroup;
			children = (
				76372BDE1D48529500F99E9C /* DJGithub_StudyUITests.swift */,
				76372BE01D48529500F99E9C /* Info.plist */,
			);
			path = "DJGithub-StudyUITests";
			sourceTree = "<group>";
		};
/* End PBXGroup section */

/* Begin PBXNativeTarget section */
		76372BBA1D48529400F99E9C /* DJGithub-Study */ = {
			isa = PBXNativeTarget;
			buildConfigurationList = 76372BE31D48529500F99E9C /* Build configuration list for PBXNativeTarget "DJGithub-Study" */;
			buildPhases = (
				76372BB71D48529400F99E9C /* Sources */,
				76372BB81D48529400F99E9C /* Frameworks */,
				76372BB91D48529400F99E9C /* Resources */,
			);
			buildRules = (
			);
			dependencies = (
			);
			name = "DJGithub-Study";
			productName = "DJGithub-Study";
			productReference = 76372BBB1D48529400F99E9C /* DJGithub-Study.app */;
			productType = "com.apple.product-type.application";
		};
		76372BCE1D48529500F99E9C /* DJGithub-StudyTests */ = {
			isa = PBXNativeTarget;
			buildConfigurationList = 76372BE61D48529500F99E9C /* Build configuration list for PBXNativeTarget "DJGithub-StudyTests" */;
			buildPhases = (
				76372BCB1D48529500F99E9C /* Sources */,
				76372BCC1D48529500F99E9C /* Frameworks */,
				76372BCD1D48529500F99E9C /* Resources */,
			);
			buildRules = (
			);
			dependencies = (
				76372BD11D48529500F99E9C /* PBXTargetDependency */,
			);
			name = "DJGithub-StudyTests";
			productName = "DJGithub-StudyTests";
			productReference = 76372BCF1D48529500F99E9C /* DJGithub-StudyTests.xctest */;
			productType = "com.apple.product-type.bundle.unit-test";
		};
		76372BD91D48529500F99E9C /* DJGithub-StudyUITests */ = {
			isa = PBXNativeTarget;
			buildConfigurationList = 76372BE91D48529500F99E9C /* Build configuration list for PBXNativeTarget "DJGithub-StudyUITests" */;
			buildPhases = (
				76372BD61D48529500F99E9C /* Sources */,
				76372BD71D48529500F99E9C /* Frameworks */,
				76372BD81D48529500F99E9C /* Resources */,
			);
			buildRules = (
			);
			dependencies = (
				76372BDC1D48529500F99E9C /* PBXTargetDependency */,
			);
			name = "DJGithub-StudyUITests";
			productName = "DJGithub-StudyUITests";
			productReference = 76372BDA1D48529500F99E9C /* DJGithub-StudyUITests.xctest */;
			productType = "com.apple.product-type.bundle.ui-testing";
		};
/* End PBXNativeTarget section */

/* Begin PBXProject section */
		76372BB31D48529400F99E9C /* Project object */ = {
			isa = PBXProject;
			attributes = {
				LastSwiftUpdateCheck = 0730;
				LastUpgradeCheck = 0730;
				ORGANIZATIONNAME = XianLin;
				TargetAttributes = {
					76372BBA1D48529400F99E9C = {
						CreatedOnToolsVersion = 7.3.1;
					};
					76372BCE1D48529500F99E9C = {
						CreatedOnToolsVersion = 7.3.1;
						TestTargetID = 76372BBA1D48529400F99E9C;
					};
					76372BD91D48529500F99E9C = {
						CreatedOnToolsVersion = 7.3.1;
						TestTargetID = 76372BBA1D48529400F99E9C;
					};
				};
			};
			buildConfigurationList = 76372BB61D48529400F99E9C /* Build configuration list for PBXProject "DJGithub-Study" */;
			compatibilityVersion = "Xcode 3.2";
			developmentRegion = English;
			hasScannedForEncodings = 0;
			knownRegions = (
				en,
				Base,
			);
			mainGroup = 76372BB21D48529400F99E9C;
			productRefGroup = 76372BBC1D48529400F99E9C /* Products */;
			projectDirPath = "";
			projectRoot = "";
			targets = (
				76372BBA1D48529400F99E9C /* DJGithub-Study */,
				76372BCE1D48529500F99E9C /* DJGithub-StudyTests */,
				76372BD91D48529500F99E9C /* DJGithub-StudyUITests */,
			);
		};
/* End PBXProject section */

/* Begin PBXResourcesBuildPhase section */
		76372BB91D48529400F99E9C /* Resources */ = {
			isa = PBXResourcesBuildPhase;
			buildActionMask = 2147483647;
			files = (
				76372BC91D48529500F99E9C /* LaunchScreen.storyboard in Resources */,
				76372BC61D48529500F99E9C /* Assets.xcassets in Resources */,
				76372BC41D48529500F99E9C /* Main.storyboard in Resources */,
			);
			runOnlyForDeploymentPostprocessing = 0;
		};
		76372BCD1D48529500F99E9C /* Resources */ = {
			isa = PBXResourcesBuildPhase;
			buildActionMask = 2147483647;
			files = (
			);
			runOnlyForDeploymentPostprocessing = 0;
		};
		76372BD81D48529500F99E9C /* Resources */ = {
			isa = PBXResourcesBuildPhase;
			buildActionMask = 2147483647;
			files = (
			);
			runOnlyForDeploymentPostprocessing = 0;
		};
/* End PBXResourcesBuildPhase section */

/* Begin PBXSourcesBuildPhase section */
		76372BB71D48529400F99E9C /* Sources */ = {
			isa = PBXSourcesBuildPhase;
			buildActionMask = 2147483647;
			files = (
				76372BC11D48529500F99E9C /* ViewController.swift in Sources */,
				76372BBF1D48529500F99E9C /* AppDelegate.swift in Sources */,
			);
			runOnlyForDeploymentPostprocessing = 0;
		};
		76372BCB1D48529500F99E9C /* Sources */ = {
			isa = PBXSourcesBuildPhase;
			buildActionMask = 2147483647;
			files = (
				76372BD41D48529500F99E9C /* DJGithub_StudyTests.swift in Sources */,
			);
			runOnlyForDeploymentPostprocessing = 0;
		};
		76372BD61D48529500F99E9C /* Sources */ = {
			isa = PBXSourcesBuildPhase;
			buildActionMask = 2147483647;
			files = (
				76372BDF1D48529500F99E9C /* DJGithub_StudyUITests.swift in Sources */,
			);
			runOnlyForDeploymentPostprocessing = 0;
		};
/* End PBXSourcesBuildPhase section */

/* Begin PBXTargetDependency section */
		76372BD11D48529500F99E9C /* PBXTargetDependency */ = {
			isa = PBXTargetDependency;
			target = 76372BBA1D48529400F99E9C /* DJGithub-Study */;
			targetProxy = 76372BD01D48529500F99E9C /* PBXContainerItemProxy */;
		};
		76372BDC1D48529500F99E9C /* PBXTargetDependency */ = {
			isa = PBXTargetDependency;
			target = 76372BBA1D48529400F99E9C /* DJGithub-Study */;
			targetProxy = 76372BDB1D48529500F99E9C /* PBXContainerItemProxy */;
		};
/* End PBXTargetDependency section */

/* Begin PBXVariantGroup section */
		76372BC21D48529500F99E9C /* Main.storyboard */ = {
			isa = PBXVariantGroup;
			children = (
				76372BC31D48529500F99E9C /* Base */,
			);
			name = Main.storyboard;
			sourceTree = "<group>";
		};
		76372BC71D48529500F99E9C /* LaunchScreen.storyboard */ = {
			isa = PBXVariantGroup;
			children = (
				76372BC81D48529500F99E9C /* Base */,
			);
			name = LaunchScreen.storyboard;
			sourceTree = "<group>";
		};
/* End PBXVariantGroup section */

/* Begin XCBuildConfiguration section */
		76372BE11D48529500F99E9C /* Debug */ = {
			isa = XCBuildConfiguration;
			buildSettings = {
				ALWAYS_SEARCH_USER_PATHS = NO;
				CLANG_ANALYZER_NONNULL = YES;
				CLANG_CXX_LANGUAGE_STANDARD = "gnu++0x";
				CLANG_CXX_LIBRARY = "libc++";
				CLANG_ENABLE_MODULES = YES;
				CLANG_ENABLE_OBJC_ARC = YES;
				CLANG_WARN_BOOL_CONVERSION = YES;
				CLANG_WARN_CONSTANT_CONVERSION = YES;
				CLANG_WARN_DIRECT_OBJC_ISA_USAGE = YES_ERROR;
				CLANG_WARN_EMPTY_BODY = YES;
				CLANG_WARN_ENUM_CONVERSION = YES;
				CLANG_WARN_INT_CONVERSION = YES;
				CLANG_WARN_OBJC_ROOT_CLASS = YES_ERROR;
				CLANG_WARN_UNREACHABLE_CODE = YES;
				CLANG_WARN__DUPLICATE_METHOD_MATCH = YES;
				"CODE_SIGN_IDENTITY[sdk=iphoneos*]" = "iPhone Developer";
				COPY_PHASE_STRIP = NO;
				DEBUG_INFORMATION_FORMAT = dwarf;
				ENABLE_STRICT_OBJC_MSGSEND = YES;
				ENABLE_TESTABILITY = YES;
				GCC_C_LANGUAGE_STANDARD = gnu99;
				GCC_DYNAMIC_NO_PIC = NO;
				GCC_NO_COMMON_BLOCKS = YES;
				GCC_OPTIMIZATION_LEVEL = 0;
				GCC_PREPROCESSOR_DEFINITIONS = (
					"DEBUG=1",
					"$(inherited)",
				);
				GCC_WARN_64_TO_32_BIT_CONVERSION = YES;
				GCC_WARN_ABOUT_RETURN_TYPE = YES_ERROR;
				GCC_WARN_UNDECLARED_SELECTOR = YES;
				GCC_WARN_UNINITIALIZED_AUTOS = YES_AGGRESSIVE;
				GCC_WARN_UNUSED_FUNCTION = YES;
				GCC_WARN_UNUSED_VARIABLE = YES;
				IPHONEOS_DEPLOYMENT_TARGET = 9.3;
				MTL_ENABLE_DEBUG_INFO = YES;
				ONLY_ACTIVE_ARCH = YES;
				SDKROOT = iphoneos;
				SWIFT_OPTIMIZATION_LEVEL = "-Onone";
			};
			name = Debug;
		};
		76372BE21D48529500F99E9C /* Release */ = {
			isa = XCBuildConfiguration;
			buildSettings = {
				ALWAYS_SEARCH_USER_PATHS = NO;
				CLANG_ANALYZER_NONNULL = YES;
				CLANG_CXX_LANGUAGE_STANDARD = "gnu++0x";
				CLANG_CXX_LIBRARY = "libc++";
				CLANG_ENABLE_MODULES = YES;
				CLANG_ENABLE_OBJC_ARC = YES;
				CLANG_WARN_BOOL_CONVERSION = YES;
				CLANG_WARN_CONSTANT_CONVERSION = YES;
				CLANG_WARN_DIRECT_OBJC_ISA_USAGE = YES_ERROR;
				CLANG_WARN_EMPTY_BODY = YES;
				CLANG_WARN_ENUM_CONVERSION = YES;
				CLANG_WARN_INT_CONVERSION = YES;
				CLANG_WARN_OBJC_ROOT_CLASS = YES_ERROR;
				CLANG_WARN_UNREACHABLE_CODE = YES;
				CLANG_WARN__DUPLICATE_METHOD_MATCH = YES;
				"CODE_SIGN_IDENTITY[sdk=iphoneos*]" = "iPhone Developer";
				COPY_PHASE_STRIP = NO;
				DEBUG_INFORMATION_FORMAT = "dwarf-with-dsym";
				ENABLE_NS_ASSERTIONS = NO;
				ENABLE_STRICT_OBJC_MSGSEND = YES;
				GCC_C_LANGUAGE_STANDARD = gnu99;
				GCC_NO_COMMON_BLOCKS = YES;
				GCC_WARN_64_TO_32_BIT_CONVERSION = YES;
				GCC_WARN_ABOUT_RETURN_TYPE = YES_ERROR;
				GCC_WARN_UNDECLARED_SELECTOR = YES;
				GCC_WARN_UNINITIALIZED_AUTOS = YES_AGGRESSIVE;
				GCC_WARN_UNUSED_FUNCTION = YES;
				GCC_WARN_UNUSED_VARIABLE = YES;
				IPHONEOS_DEPLOYMENT_TARGET = 9.3;
				MTL_ENABLE_DEBUG_INFO = NO;
				SDKROOT = iphoneos;
				VALIDATE_PRODUCT = YES;
			};
			name = Release;
		};
		76372BE41D48529500F99E9C /* Debug */ = {
			isa = XCBuildConfiguration;
			buildSettings = {
				ASSETCATALOG_COMPILER_APPICON_NAME = AppIcon;
				INFOPLIST_FILE = "DJGithub-Study/Info.plist";
				LD_RUNPATH_SEARCH_PATHS = "$(inherited) @executable_path/Frameworks";
				PRODUCT_BUNDLE_IDENTIFIER = "XianLin.DJGithub-Study";
				PRODUCT_NAME = "$(TARGET_NAME)";
			};
			name = Debug;
		};
		76372BE51D48529500F99E9C /* Release */ = {
			isa = XCBuildConfiguration;
			buildSettings = {
				ASSETCATALOG_COMPILER_APPICON_NAME = AppIcon;
				INFOPLIST_FILE = "DJGithub-Study/Info.plist";
				LD_RUNPATH_SEARCH_PATHS = "$(inherited) @executable_path/Frameworks";
				PRODUCT_BUNDLE_IDENTIFIER = "XianLin.DJGithub-Study";
				PRODUCT_NAME = "$(TARGET_NAME)";
			};
			name = Release;
		};
		76372BE71D48529500F99E9C /* Debug */ = {
			isa = XCBuildConfiguration;
			buildSettings = {
				BUNDLE_LOADER = "$(TEST_HOST)";
				INFOPLIST_FILE = "DJGithub-StudyTests/Info.plist";
				LD_RUNPATH_SEARCH_PATHS = "$(inherited) @executable_path/Frameworks @loader_path/Frameworks";
				PRODUCT_BUNDLE_IDENTIFIER = "XianLin.DJGithub-StudyTests";
				PRODUCT_NAME = "$(TARGET_NAME)";
				TEST_HOST = "$(BUILT_PRODUCTS_DIR)/DJGithub-Study.app/DJGithub-Study";
			};
			name = Debug;
		};
		76372BE81D48529500F99E9C /* Release */ = {
			isa = XCBuildConfiguration;
			buildSettings = {
				BUNDLE_LOADER = "$(TEST_HOST)";
				INFOPLIST_FILE = "DJGithub-StudyTests/Info.plist";
				LD_RUNPATH_SEARCH_PATHS = "$(inherited) @executable_path/Frameworks @loader_path/Frameworks";
				PRODUCT_BUNDLE_IDENTIFIER = "XianLin.DJGithub-StudyTests";
				PRODUCT_NAME = "$(TARGET_NAME)";
				TEST_HOST = "$(BUILT_PRODUCTS_DIR)/DJGithub-Study.app/DJGithub-Study";
			};
			name = Release;
		};
		76372BEA1D48529500F99E9C /* Debug */ = {
			isa = XCBuildConfiguration;
			buildSettings = {
				INFOPLIST_FILE = "DJGithub-StudyUITests/Info.plist";
				LD_RUNPATH_SEARCH_PATHS = "$(inherited) @executable_path/Frameworks @loader_path/Frameworks";
				PRODUCT_BUNDLE_IDENTIFIER = "XianLin.DJGithub-StudyUITests";
				PRODUCT_NAME = "$(TARGET_NAME)";
				TEST_TARGET_NAME = "DJGithub-Study";
			};
			name = Debug;
		};
		76372BEB1D48529500F99E9C /* Release */ = {
			isa = XCBuildConfiguration;
			buildSettings = {
				INFOPLIST_FILE = "DJGithub-StudyUITests/Info.plist";
				LD_RUNPATH_SEARCH_PATHS = "$(inherited) @executable_path/Frameworks @loader_path/Frameworks";
				PRODUCT_BUNDLE_IDENTIFIER = "XianLin.DJGithub-StudyUITests";
				PRODUCT_NAME = "$(TARGET_NAME)";
				TEST_TARGET_NAME = "DJGithub-Study";
			};
			name = Release;
		};
/* End XCBuildConfiguration section */

/* Begin XCConfigurationList section */
		76372BB61D48529400F99E9C /* Build configuration list for PBXProject "DJGithub-Study" */ = {
			isa = XCConfigurationList;
			buildConfigurations = (
				76372BE11D48529500F99E9C /* Debug */,
				76372BE21D48529500F99E9C /* Release */,
			);
			defaultConfigurationIsVisible = 0;
			defaultConfigurationName = Release;
		};
		76372BE31D48529500F99E9C /* Build configuration list for PBXNativeTarget "DJGithub-Study" */ = {
			isa = XCConfigurationList;
			buildConfigurations = (
				76372BE41D48529500F99E9C /* Debug */,
				76372BE51D48529500F99E9C /* Release */,
			);
			defaultConfigurationIsVisible = 0;
		};
		76372BE61D48529500F99E9C /* Build configuration list for PBXNativeTarget "DJGithub-StudyTests" */ = {
			isa = XCConfigurationList;
			buildConfigurations = (
				76372BE71D48529500F99E9C /* Debug */,
				76372BE81D48529500F99E9C /* Release */,
			);
			defaultConfigurationIsVisible = 0;
		};
		76372BE91D48529500F99E9C /* Build configuration list for PBXNativeTarget "DJGithub-StudyUITests" */ = {
			isa = XCConfigurationList;
			buildConfigurations = (
				76372BEA1D48529500F99E9C /* Debug */,
				76372BEB1D48529500F99E9C /* Release */,
			);
			defaultConfigurationIsVisible = 0;
		};
/* End XCConfigurationList section */
	};
	rootObject = 76372BB31D48529400F99E9C /* Project object */;
}
